{
  "name": "mpiv",
  "lockfileVersion": 3,
  "requires": true,
  "packages": {
    "": {
      "name": "mpiv",
      "dependencies": {
        "@violentmonkey/types": "^0.3.4",
        "globals": "^17.11.0"
      }
    },
    "node_modules/@violentmonkey/types": {
      "version": "0.3.4",
      "resolved": "https://registry.npmjs.org/@violentmonkey/types/-/types-0.3.4.tgz",
      "integrity": "sha512-4i8/8X4Dk/py+RWTdfJbQcQGOx7COossGrw3uhrNegqwuAtC6pBXpJMKcdkPxxJklxmnWPaX4kvB5hypZfhY4g==",
      "license": "ISC",
      "dependencies": {
        "user-agent-data-types": "^0.4.2"
      }
    },
    "node_modules/globals": {
      "version": "17.11.0",
      "resolved": "https://registry.npmjs.org/globals/-/globals-17.11.0.tgz",
      "integrity": "sha512-Z2I8hM+PbJDXQDq3Icgpzv+mPdwr68iZUU9d5WW4FuXfDUQfkZaZuvjMv42/5crNyw154+9+VWXbYrUgDXbxNw==",
      "license": "MIT",
      "engines": {
        "node": ">=18"
      },
      "funding": {
        "url": "https://github.com/sponsors/sindresorhus"
      }
    },
    "node_modules/user-agent-data-types": {
      "version": "0.4.3",
      "resolved": "https://registry.npmjs.org/user-agent-data-types/-/user-agent-data-types-0.4.3.tgz",
      "integrity": "sha512-Dn3fjwVgeM363mx1sEgOpOp9NNqHBj6Gn68dFbV1WoTr3s05CijKdxfH6A3Q5uzXnYNB6vdAfs/1HWFpObc7EQ==",
      "license": "MIT"
    }
  }
}
